
Microsoft Visual Studio Solution File, Format Version 12.00
# Visual Studio Version 17
VisualStudioVersion = 17.0.31717.71
MinimumVisualStudioVersion = 10.0.40219.1
Project("{FAE04EC0-301F-11D3-BF4B-00C04F79EFBC}") = "RustResources", "Feli.OpenMod.RustResources\Feli.OpenMod.RustResources.csproj", "{07ACF244-9DF3-49C7-ABAB-26B3AC70D40E}"
EndProject
Project("{FAE04EC0-301F-11D3-BF4B-00C04F79EFBC}") = "Feli.RocketMod.RustResources", "Feli.RocketMod.RustResources\Feli.RocketMod.RustResources.csproj", "{5F301E01-90F2-4DDB-BBEB-F75333EA7DAA}"
EndProject
Global
	GlobalSection(SolutionConfigurationPlatforms) = preSolution
		Debug|Any CPU = Debug|Any CPU
		Release|Any CPU = Release|Any CPU
	EndGlobalSection
	GlobalSection(ProjectConfigurationPlatforms) = postSolution
		{07ACF244-9DF3-49C7-ABAB-26B3AC70D40E}.Debug|Any CPU.ActiveCfg = Debug|Any CPU
		{07ACF244-9DF3-49C7-ABAB-26B3AC70D40E}.Debug|Any CPU.Build.0 = Debug|Any CPU
		{07ACF244-9DF3-49C7-ABAB-26B3AC70D40E}.Release|Any CPU.ActiveCfg = Release|Any CPU
		{07ACF244-9DF3-49C7-ABAB-26B3AC70D40E}.Release|Any CPU.Build.0 = Release|Any CPU
		{5F301E01-90F2-4DDB-BBEB-F75333EA7DAA}.Debug|Any CPU.ActiveCfg = Debug|Any CPU
		{5F301E01-90F2-4DDB-BBEB-F75333EA7DAA}.Debug|Any CPU.Build.0 = Debug|Any CPU
		{5F301E01-90F2-4DDB-BBEB-F75333EA7DAA}.Release|Any CPU.ActiveCfg = Release|Any CPU
		{5F301E01-90F2-4DDB-BBEB-F75333EA7DAA}.Release|Any CPU.Build.0 = Release|Any CPU
	EndGlobalSection
	GlobalSection(SolutionProperties) = preSolution
		HideSolutionNode = FALSE
	EndGlobalSection
	GlobalSection(ExtensibilityGlobals) = postSolution
		SolutionGuid = {1E0C7167-8104-476E-BFAB-4FC376F410A2}
	EndGlobalSection
EndGlobal
